
Microsoft Visual Studio Solution File, Format Version 12.00
# Visual Studio 15
Project("{FAE04EC0-301F-11D3-BF4B-00C04F79EFBC}") = "Qriva.MonoBehaviourTree.Runtime", "Qriva.MonoBehaviourTree.Runtime.csproj", "{3045A24F-7442-9152-1A26-F012E0356EB6}"
EndProject
Project("{FAE04EC0-301F-11D3-BF4B-00C04F79EFBC}") = "Assembly-CSharp", "Assembly-CSharp.csproj", "{5FE0A1DA-7C55-7D64-CB0C-3BA3A7B002CD}"
EndProject
Project("{FAE04EC0-301F-11D3-BF4B-00C04F79EFBC}") = "Qriva.MonoBehaviourTree.Editor", "Qriva.MonoBehaviourTree.Editor.csproj", "{C0EAF2BD-6A5D-C0DF-8DC8-21D57A957079}"
EndProject
Global
	GlobalSection(SolutionConfigurationPlatforms) = preSolution
		Debug|Any CPU = Debug|Any CPU
		Release|Any CPU = Release|Any CPU
	EndGlobalSection
	GlobalSection(ProjectConfigurationPlatforms) = postSolution
		{3045A24F-7442-9152-1A26-F012E0356EB6}.Debug|Any CPU.ActiveCfg = Debug|Any CPU
		{3045A24F-7442-9152-1A26-F012E0356EB6}.Debug|Any CPU.Build.0 = Debug|Any CPU
		{3045A24F-7442-9152-1A26-F012E0356EB6}.Release|Any CPU.ActiveCfg = Release|Any CPU
		{3045A24F-7442-9152-1A26-F012E0356EB6}.Release|Any CPU.Build.0 = Release|Any CPU
		{5FE0A1DA-7C55-7D64-CB0C-3BA3A7B002CD}.Debug|Any CPU.ActiveCfg = Debug|Any CPU
		{5FE0A1DA-7C55-7D64-CB0C-3BA3A7B002CD}.Debug|Any CPU.Build.0 = Debug|Any CPU
		{5FE0A1DA-7C55-7D64-CB0C-3BA3A7B002CD}.Release|Any CPU.ActiveCfg = Release|Any CPU
		{5FE0A1DA-7C55-7D64-CB0C-3BA3A7B002CD}.Release|Any CPU.Build.0 = Release|Any CPU
		{C0EAF2BD-6A5D-C0DF-8DC8-21D57A957079}.Debug|Any CPU.ActiveCfg = Debug|Any CPU
		{C0EAF2BD-6A5D-C0DF-8DC8-21D57A957079}.Debug|Any CPU.Build.0 = Debug|Any CPU
		{C0EAF2BD-6A5D-C0DF-8DC8-21D57A957079}.Release|Any CPU.ActiveCfg = Release|Any CPU
		{C0EAF2BD-6A5D-C0DF-8DC8-21D57A957079}.Release|Any CPU.Build.0 = Release|Any CPU
	EndGlobalSection
	GlobalSection(SolutionProperties) = preSolution
		HideSolutionNode = FALSE
	EndGlobalSection
EndGlobal
